
Microsoft Visual Studio Solution File, Format Version 12.00
# Visual Studio Version 17
VisualStudioVersion = 17.7.34221.43
MinimumVisualStudioVersion = 10.0.40219.1
Project("{FAE04EC0-301F-11D3-BF4B-00C04F79EFBC}") = "MvcMusicStore", "MvcMusicStore\MvcMusicStore.csproj", "{00898352-8DEC-4CAA-B7DF-D0855EFDBDA4}"
EndProject
Global
	GlobalSection(SolutionConfigurationPlatforms) = preSolution
		Debug|Any CPU = Debug|Any CPU
		Release|Any CPU = Release|Any CPU
	EndGlobalSection
	GlobalSection(ProjectConfigurationPlatforms) = postSolution
		{00898352-8DEC-4CAA-B7DF-D0855EFDBDA4}.Debug|Any CPU.ActiveCfg = Debug|Any CPU
		{00898352-8DEC-4CAA-B7DF-D0855EFDBDA4}.Debug|Any CPU.Build.0 = Debug|Any CPU
		{00898352-8DEC-4CAA-B7DF-D0855EFDBDA4}.Release|Any CPU.ActiveCfg = Release|Any CPU
		{00898352-8DEC-4CAA-B7DF-D0855EFDBDA4}.Release|Any CPU.Build.0 = Release|Any CPU
	EndGlobalSection
	GlobalSection(SolutionProperties) = preSolution
		HideSolutionNode = FALSE
	EndGlobalSection
	GlobalSection(ExtensibilityGlobals) = postSolution
		SolutionGuid = {A19336AD-4BBD-4A1A-9908-CEE1B6F4C424}
	EndGlobalSection
EndGlobal
